
Microsoft Visual Studio Solution File, Format Version 12.00
# Visual Studio Version 17
VisualStudioVersion = 17.13.35919.96 d17.13
MinimumVisualStudioVersion = 10.0.40219.1
Project("{FAE04EC0-301F-11D3-BF4B-00C04F79EFBC}") = "Wifi.Toolbox.Testapplication", "Wifi.Toolbox.Testapplication\Wifi.Toolbox.Testapplication.csproj", "{8C8B6301-9ECD-48E6-A3BA-BD43C8308AE5}"
EndProject
Project("{FAE04EC0-301F-11D3-BF4B-00C04F79EFBC}") = "Wifi.Toolbox.Tools", "Wifi.Toolbox.Tools\Wifi.Toolbox.Tools.csproj", "{BB83D97A-178A-4E66-81CE-F40FD33393D2}"
EndProject
Global
	GlobalSection(SolutionConfigurationPlatforms) = preSolution
		Debug|Any CPU = Debug|Any CPU
		Release|Any CPU = Release|Any CPU
	EndGlobalSection
	GlobalSection(ProjectConfigurationPlatforms) = postSolution
		{8C8B6301-9ECD-48E6-A3BA-BD43C8308AE5}.Debug|Any CPU.ActiveCfg = Debug|Any CPU
		{8C8B6301-9ECD-48E6-A3BA-BD43C8308AE5}.Debug|Any CPU.Build.0 = Debug|Any CPU
		{8C8B6301-9ECD-48E6-A3BA-BD43C8308AE5}.Release|Any CPU.ActiveCfg = Release|Any CPU
		{8C8B6301-9ECD-48E6-A3BA-BD43C8308AE5}.Release|Any CPU.Build.0 = Release|Any CPU
		{BB83D97A-178A-4E66-81CE-F40FD33393D2}.Debug|Any CPU.ActiveCfg = Debug|Any CPU
		{BB83D97A-178A-4E66-81CE-F40FD33393D2}.Debug|Any CPU.Build.0 = Debug|Any CPU
		{BB83D97A-178A-4E66-81CE-F40FD33393D2}.Release|Any CPU.ActiveCfg = Release|Any CPU
		{BB83D97A-178A-4E66-81CE-F40FD33393D2}.Release|Any CPU.Build.0 = Release|Any CPU
	EndGlobalSection
	GlobalSection(SolutionProperties) = preSolution
		HideSolutionNode = FALSE
	EndGlobalSection
	GlobalSection(ExtensibilityGlobals) = postSolution
		SolutionGuid = {661CD845-EEE2-40D9-A3A9-A726C40A61A0}
	EndGlobalSection
EndGlobal
