
Microsoft Visual Studio Solution File, Format Version 12.00
# Visual Studio Version 17
VisualStudioVersion = 17.13.35919.96 d17.13
MinimumVisualStudioVersion = 10.0.40219.1
Project("{FAE04EC0-301F-11D3-BF4B-00C04F79EFBC}") = "Wifi.PlaylistEditor.Core", "Wifi.PlaylistEditor.Core\Wifi.PlaylistEditor.Core.csproj", "{10E5370F-D18A-407C-B0A7-4DD3834CA9B1}"
EndProject
Project("{FAE04EC0-301F-11D3-BF4B-00C04F79EFBC}") = "Wifi.PlaylistEditor.Core.Test", "Wifi.PlaylistEditor.Core.Test\Wifi.PlaylistEditor.Core.Test.csproj", "{C012DC65-57F6-424E-9E20-7AAA82153D23}"
EndProject
Global
	GlobalSection(SolutionConfigurationPlatforms) = preSolution
		Debug|Any CPU = Debug|Any CPU
		Release|Any CPU = Release|Any CPU
	EndGlobalSection
	GlobalSection(ProjectConfigurationPlatforms) = postSolution
		{10E5370F-D18A-407C-B0A7-4DD3834CA9B1}.Debug|Any CPU.ActiveCfg = Debug|Any CPU
		{10E5370F-D18A-407C-B0A7-4DD3834CA9B1}.Debug|Any CPU.Build.0 = Debug|Any CPU
		{10E5370F-D18A-407C-B0A7-4DD3834CA9B1}.Release|Any CPU.ActiveCfg = Release|Any CPU
		{10E5370F-D18A-407C-B0A7-4DD3834CA9B1}.Release|Any CPU.Build.0 = Release|Any CPU
		{C012DC65-57F6-424E-9E20-7AAA82153D23}.Debug|Any CPU.ActiveCfg = Debug|Any CPU
		{C012DC65-57F6-424E-9E20-7AAA82153D23}.Debug|Any CPU.Build.0 = Debug|Any CPU
		{C012DC65-57F6-424E-9E20-7AAA82153D23}.Release|Any CPU.ActiveCfg = Release|Any CPU
		{C012DC65-57F6-424E-9E20-7AAA82153D23}.Release|Any CPU.Build.0 = Release|Any CPU
	EndGlobalSection
	GlobalSection(SolutionProperties) = preSolution
		HideSolutionNode = FALSE
	EndGlobalSection
	GlobalSection(ExtensibilityGlobals) = postSolution
		SolutionGuid = {937062C5-6548-4DB5-AA93-C76B72FF814C}
	EndGlobalSection
EndGlobal
